
Microsoft Visual Studio Solution File, Format Version 12.00
# Visual Studio Version 17
VisualStudioVersion = 17.9.34723.18
MinimumVisualStudioVersion = 10.0.40219.1
Project("{9A19103F-16F7-4668-BE54-9A1E7A4F7556}") = "EGNDotNetCore.ConsoleApp", "EGNDotNetCore.ConsoleApp\EGNDotNetCore.ConsoleApp.csproj", "{F5129437-BA2F-429A-ADE5-622F9D0FE8B4}"
EndProject
Project("{2150E333-8FDC-42A3-9474-1A3956D46DE8}") = "Documents", "Documents", "{EF8DB2B1-833D-4077-B756-023F7347F0EA}"
	ProjectSection(SolutionItems) = preProject
		README.md = README.md
	EndProjectSection
EndProject
Project("{9A19103F-16F7-4668-BE54-9A1E7A4F7556}") = "EGNDotNetTrainingBatch4.RestApi", "EGNDotNetTrainingBatch4.RestApi\EGNDotNetTrainingBatch4.RestApi.csproj", "{1151C7FF-6014-4739-8FFD-BF38FEAB8C98}"
EndProject
Project("{9A19103F-16F7-4668-BE54-9A1E7A4F7556}") = "EGNDotNetTrainingBatch4.Shared", "EGNDotNetTrainingBatch4.Shared\EGNDotNetTrainingBatch4.Shared.csproj", "{6E4FC232-3FA4-45B3-81B1-8C6FCEB70D5A}"
EndProject
Project("{9A19103F-16F7-4668-BE54-9A1E7A4F7556}") = "EGNDotNetCore.RestApiWithNLayer", "EGNDotNetCore.RestApiWithNLayer\EGNDotNetCore.RestApiWithNLayer.csproj", "{AB303555-1EF2-4908-9247-E443C8BCFC18}"
EndProject
Project("{9A19103F-16F7-4668-BE54-9A1E7A4F7556}") = "EGNDotNetCore.ConsoleAppHttClient", "EGNDotNetCore.ConsoleAppHttClient\EGNDotNetCore.ConsoleAppHttClient.csproj", "{90380B96-981D-48A6-93A5-24F1C870A251}"
EndProject
Project("{FAE04EC0-301F-11D3-BF4B-00C04F79EFBC}") = "EGNDotNetCore.ConsoleAppHttpClientExample", "EGNDotNetCore.ConsoleAppHttpClientExample\EGNDotNetCore.ConsoleAppHttpClientExample.csproj", "{EA766B03-13F1-4D15-8FA5-C26E35592E38}"
EndProject
Global
	GlobalSection(SolutionConfigurationPlatforms) = preSolution
		Debug|Any CPU = Debug|Any CPU
		Release|Any CPU = Release|Any CPU
	EndGlobalSection
	GlobalSection(ProjectConfigurationPlatforms) = postSolution
		{F5129437-BA2F-429A-ADE5-622F9D0FE8B4}.Debug|Any CPU.ActiveCfg = Debug|Any CPU
		{F5129437-BA2F-429A-ADE5-622F9D0FE8B4}.Debug|Any CPU.Build.0 = Debug|Any CPU
		{F5129437-BA2F-429A-ADE5-622F9D0FE8B4}.Release|Any CPU.ActiveCfg = Release|Any CPU
		{F5129437-BA2F-429A-ADE5-622F9D0FE8B4}.Release|Any CPU.Build.0 = Release|Any CPU
		{1151C7FF-6014-4739-8FFD-BF38FEAB8C98}.Debug|Any CPU.ActiveCfg = Debug|Any CPU
		{1151C7FF-6014-4739-8FFD-BF38FEAB8C98}.Debug|Any CPU.Build.0 = Debug|Any CPU
		{1151C7FF-6014-4739-8FFD-BF38FEAB8C98}.Release|Any CPU.ActiveCfg = Release|Any CPU
		{1151C7FF-6014-4739-8FFD-BF38FEAB8C98}.Release|Any CPU.Build.0 = Release|Any CPU
		{6E4FC232-3FA4-45B3-81B1-8C6FCEB70D5A}.Debug|Any CPU.ActiveCfg = Debug|Any CPU
		{6E4FC232-3FA4-45B3-81B1-8C6FCEB70D5A}.Debug|Any CPU.Build.0 = Debug|Any CPU
		{6E4FC232-3FA4-45B3-81B1-8C6FCEB70D5A}.Release|Any CPU.ActiveCfg = Release|Any CPU
		{6E4FC232-3FA4-45B3-81B1-8C6FCEB70D5A}.Release|Any CPU.Build.0 = Release|Any CPU
		{AB303555-1EF2-4908-9247-E443C8BCFC18}.Debug|Any CPU.ActiveCfg = Debug|Any CPU
		{AB303555-1EF2-4908-9247-E443C8BCFC18}.Debug|Any CPU.Build.0 = Debug|Any CPU
		{AB303555-1EF2-4908-9247-E443C8BCFC18}.Release|Any CPU.ActiveCfg = Release|Any CPU
		{AB303555-1EF2-4908-9247-E443C8BCFC18}.Release|Any CPU.Build.0 = Release|Any CPU
		{90380B96-981D-48A6-93A5-24F1C870A251}.Debug|Any CPU.ActiveCfg = Debug|Any CPU
		{90380B96-981D-48A6-93A5-24F1C870A251}.Debug|Any CPU.Build.0 = Debug|Any CPU
		{90380B96-981D-48A6-93A5-24F1C870A251}.Release|Any CPU.ActiveCfg = Release|Any CPU
		{90380B96-981D-48A6-93A5-24F1C870A251}.Release|Any CPU.Build.0 = Release|Any CPU
		{EA766B03-13F1-4D15-8FA5-C26E35592E38}.Debug|Any CPU.ActiveCfg = Debug|Any CPU
		{EA766B03-13F1-4D15-8FA5-C26E35592E38}.Debug|Any CPU.Build.0 = Debug|Any CPU
		{EA766B03-13F1-4D15-8FA5-C26E35592E38}.Release|Any CPU.ActiveCfg = Release|Any CPU
		{EA766B03-13F1-4D15-8FA5-C26E35592E38}.Release|Any CPU.Build.0 = Release|Any CPU
	EndGlobalSection
	GlobalSection(SolutionProperties) = preSolution
		HideSolutionNode = FALSE
	EndGlobalSection
	GlobalSection(ExtensibilityGlobals) = postSolution
		SolutionGuid = {38307F44-8BF2-4335-9F86-0D64D157851E}
	EndGlobalSection
EndGlobal
